
Microsoft Visual Studio Solution File, Format Version 12.00
# Visual Studio Version 17
VisualStudioVersion = 17.10.34928.147
MinimumVisualStudioVersion = 10.0.40219.1
Project("{FAE04EC0-301F-11D3-BF4B-00C04F79EFBC}") = "Console.Color", "Console.Color\Console.Color.csproj", "{07AF08E6-3E90-46D4-9E9D-3CC3A76704BE}"
EndProject
Global
	GlobalSection(SolutionConfigurationPlatforms) = preSolution
		Debug|Any CPU = Debug|Any CPU
		Release|Any CPU = Release|Any CPU
	EndGlobalSection
	GlobalSection(ProjectConfigurationPlatforms) = postSolution
		{07AF08E6-3E90-46D4-9E9D-3CC3A76704BE}.Debug|Any CPU.ActiveCfg = Debug|Any CPU
		{07AF08E6-3E90-46D4-9E9D-3CC3A76704BE}.Debug|Any CPU.Build.0 = Debug|Any CPU
		{07AF08E6-3E90-46D4-9E9D-3CC3A76704BE}.Release|Any CPU.ActiveCfg = Release|Any CPU
		{07AF08E6-3E90-46D4-9E9D-3CC3A76704BE}.Release|Any CPU.Build.0 = Release|Any CPU
	EndGlobalSection
	GlobalSection(SolutionProperties) = preSolution
		HideSolutionNode = FALSE
	EndGlobalSection
	GlobalSection(ExtensibilityGlobals) = postSolution
		SolutionGuid = {0725AA05-86E3-445B-8CA5-DECE3BF9B3B1}
	EndGlobalSection
EndGlobal
